
Microsoft Visual Studio Solution File, Format Version 12.00
# Visual Studio 2012
Project("{FAE04EC0-301F-11D3-BF4B-00C04F79EFBC}") = "AutoComplete", "AutoComplete\AutoComplete.csproj", "{C075D73E-0068-4693-AC9B-2D0C88F369C5}"
EndProject
Global
	GlobalSection(SolutionConfigurationPlatforms) = preSolution
		Debug|Any CPU = Debug|Any CPU
		Release|Any CPU = Release|Any CPU
	EndGlobalSection
	GlobalSection(ProjectConfigurationPlatforms) = postSolution
		{C075D73E-0068-4693-AC9B-2D0C88F369C5}.Debug|Any CPU.ActiveCfg = Debug|Any CPU
		{C075D73E-0068-4693-AC9B-2D0C88F369C5}.Debug|Any CPU.Build.0 = Debug|Any CPU
		{C075D73E-0068-4693-AC9B-2D0C88F369C5}.Release|Any CPU.ActiveCfg = Release|Any CPU
		{C075D73E-0068-4693-AC9B-2D0C88F369C5}.Release|Any CPU.Build.0 = Release|Any CPU
	EndGlobalSection
	GlobalSection(SolutionProperties) = preSolution
		HideSolutionNode = FALSE
	EndGlobalSection
EndGlobal
